uuid: 4c71c093-0dbe-45a7-9112-bee6101017c4
langcode: en
status: true
dependencies:
  module:
    - girchi_utils
    - system
  theme:
    - girchi
id: politicianblock
theme: girchi
region: content
weight: -6
provider: null
plugin: politician_block
settings:
  id: politician_block
  label: 'Politician block'
  provider: girchi_utils
  label_display: visible
visibility:
  request_path:
    id: request_path
    pages: "/en/user/*/edit*\r\n/user/*/edit*"
    negate: false
    context_mapping: {  }
