uuid: 253d23dc-f793-46d6-933c-0acd04a2ca68
langcode: ka
status: true
dependencies:
  module:
    - block_node
    - system
  theme:
    - omedia
id: nodeblock
theme: omedia
region: content_top
weight: 0
provider: null
plugin: node_block
settings:
  id: node_block
  label: 'Node block'
  provider: block_node
  label_display: '0'
  current: 1
  nid: null
  view_mode: page_header
visibility:
  request_path:
    id: request_path
    pages: '<front>'
    negate: true
    context_mapping: {  }
