uuid: 042a61e0-0191-4077-a316-0a9fa0c0136b
langcode: ka
status: true
dependencies:
  module:
    - block
    - paragraphs
id: paragraph.field_block
field_name: field_block
entity_type: paragraph
type: entity_reference
settings:
  target_type: block
module: core
locked: false
cardinality: 1
translatable: true
indexes: {  }
persist_with_no_fields: false
custom_storage: false
