uuid: f4d0ec9a-cf4d-49ab-be12-e93338df9389
langcode: ka
status: true
dependencies:
  config:
    - field.storage.paragraph.field_block
    - paragraphs.paragraphs_type.block_reference
id: paragraph.block_reference.field_block
field_name: field_block
entity_type: paragraph
bundle: block_reference
label: 'Block [all langs]'
description: 'Select system (or module) block. Choose <em>Custom Block Reference</em> paragraph type to reference custom block (created in <a target="_blank" href="[site:url]/admin/structure/block/block-content">Custom Block Library</a>).'
required: false
translatable: false
default_value: {  }
default_value_callback: ''
settings:
  handler: 'default:block'
  handler_settings:
    target_bundles: null
    auto_create: false
field_type: entity_reference
