uuid: c91592a6-e040-45e2-9afc-f61a1d93f1f2
langcode: ka
status: true
dependencies:
  config:
    - block_content.type.basic
    - block_content.type.paragraph_container
    - field.storage.paragraph.field_custom_block
    - paragraphs.paragraphs_type.custom_block_reference
id: paragraph.custom_block_reference.field_custom_block
field_name: field_custom_block
entity_type: paragraph
bundle: custom_block_reference
label: 'Custom Block [all langs]'
description: 'Select custom block (the one created in <a target="_blank" href="[site:url]/admin/structure/block/block-content">Custom Block Library</a>). Choose <em>Block Reference</em> paragraph type to reference system or module block.'
required: false
translatable: false
default_value: {  }
default_value_callback: ''
settings:
  handler: 'default:block_content'
  handler_settings:
    target_bundles:
      basic: basic
      paragraph_container: paragraph_container
    sort:
      field: info
      direction: ASC
    auto_create: false
    auto_create_bundle: basic
field_type: entity_reference
